
Microsoft Visual Studio Solution File, Format Version 12.00
# Visual Studio Version 17
VisualStudioVersion = 17.7.34221.43
MinimumVisualStudioVersion = 10.0.40219.1
Project("{F184B08F-C81C-45F6-A57F-5ABD9991F28F}") = "Collaborative_Multi_Wind", "Collaborative_Multi_Wind.vbproj", "{8E700A7A-9A8B-4876-B7D6-738DC9E06995}"
EndProject
Global
	GlobalSection(SolutionConfigurationPlatforms) = preSolution
		Debug|Any CPU = Debug|Any CPU
		Release|Any CPU = Release|Any CPU
	EndGlobalSection
	GlobalSection(ProjectConfigurationPlatforms) = postSolution
		{8E700A7A-9A8B-4876-B7D6-738DC9E06995}.Debug|Any CPU.ActiveCfg = Debug|Any CPU
		{8E700A7A-9A8B-4876-B7D6-738DC9E06995}.Debug|Any CPU.Build.0 = Debug|Any CPU
		{8E700A7A-9A8B-4876-B7D6-738DC9E06995}.Release|Any CPU.ActiveCfg = Release|Any CPU
		{8E700A7A-9A8B-4876-B7D6-738DC9E06995}.Release|Any CPU.Build.0 = Release|Any CPU
	EndGlobalSection
	GlobalSection(SolutionProperties) = preSolution
		HideSolutionNode = FALSE
	EndGlobalSection
	GlobalSection(ExtensibilityGlobals) = postSolution
		SolutionGuid = {7CCDDF3A-B617-4F38-B92D-F4B3E51A2D9A}
	EndGlobalSection
EndGlobal
